
Microsoft Visual Studio Solution File, Format Version 12.00
# Visual Studio Version 17
VisualStudioVersion = 17.5.002.0
MinimumVisualStudioVersion = 10.0.40219.1
Project("{9A19103F-16F7-4668-BE54-9A1E7A4F7556}") = "Lab1", "Lab1\Lab1.csproj", "{5A27C63B-1BA4-480E-A007-9967C54D9E10}"
EndProject
Project("{9A19103F-16F7-4668-BE54-9A1E7A4F7556}") = "Lab2", "Lab2\Lab2.csproj", "{82F292A4-11A2-4412-BDE4-314FAA1C8293}"
EndProject
Project("{9A19103F-16F7-4668-BE54-9A1E7A4F7556}") = "Lab3", "Lab3\Lab3.csproj", "{E5FDCE4E-BF35-46D8-96BD-C5898AD72706}"
EndProject
Project("{9A19103F-16F7-4668-BE54-9A1E7A4F7556}") = "Lab4", "Lab4\Lab4.csproj", "{5F85375B-068F-4A24-9DC8-DAA93EB317AD}"
EndProject
Global
	GlobalSection(SolutionConfigurationPlatforms) = preSolution
		Debug|Any CPU = Debug|Any CPU
		Release|Any CPU = Release|Any CPU
	EndGlobalSection
	GlobalSection(ProjectConfigurationPlatforms) = postSolution
		{5A27C63B-1BA4-480E-A007-9967C54D9E10}.Debug|Any CPU.ActiveCfg = Debug|Any CPU
		{5A27C63B-1BA4-480E-A007-9967C54D9E10}.Debug|Any CPU.Build.0 = Debug|Any CPU
		{5A27C63B-1BA4-480E-A007-9967C54D9E10}.Release|Any CPU.ActiveCfg = Release|Any CPU
		{5A27C63B-1BA4-480E-A007-9967C54D9E10}.Release|Any CPU.Build.0 = Release|Any CPU
		{82F292A4-11A2-4412-BDE4-314FAA1C8293}.Debug|Any CPU.ActiveCfg = Debug|Any CPU
		{82F292A4-11A2-4412-BDE4-314FAA1C8293}.Debug|Any CPU.Build.0 = Debug|Any CPU
		{82F292A4-11A2-4412-BDE4-314FAA1C8293}.Release|Any CPU.ActiveCfg = Release|Any CPU
		{82F292A4-11A2-4412-BDE4-314FAA1C8293}.Release|Any CPU.Build.0 = Release|Any CPU
		{E5FDCE4E-BF35-46D8-96BD-C5898AD72706}.Debug|Any CPU.ActiveCfg = Debug|Any CPU
		{E5FDCE4E-BF35-46D8-96BD-C5898AD72706}.Debug|Any CPU.Build.0 = Debug|Any CPU
		{E5FDCE4E-BF35-46D8-96BD-C5898AD72706}.Release|Any CPU.ActiveCfg = Release|Any CPU
		{E5FDCE4E-BF35-46D8-96BD-C5898AD72706}.Release|Any CPU.Build.0 = Release|Any CPU
		{5F85375B-068F-4A24-9DC8-DAA93EB317AD}.Debug|Any CPU.ActiveCfg = Debug|Any CPU
		{5F85375B-068F-4A24-9DC8-DAA93EB317AD}.Debug|Any CPU.Build.0 = Debug|Any CPU
		{5F85375B-068F-4A24-9DC8-DAA93EB317AD}.Release|Any CPU.ActiveCfg = Release|Any CPU
		{5F85375B-068F-4A24-9DC8-DAA93EB317AD}.Release|Any CPU.Build.0 = Release|Any CPU
		{A647238B-4FAB-43B3-9C3F-C0D0C9156634}.Debug|Any CPU.ActiveCfg = Debug|Any CPU
		{A647238B-4FAB-43B3-9C3F-C0D0C9156634}.Debug|Any CPU.Build.0 = Debug|Any CPU
		{A647238B-4FAB-43B3-9C3F-C0D0C9156634}.Release|Any CPU.ActiveCfg = Release|Any CPU
		{A647238B-4FAB-43B3-9C3F-C0D0C9156634}.Release|Any CPU.Build.0 = Release|Any CPU
	EndGlobalSection
	GlobalSection(SolutionProperties) = preSolution
		HideSolutionNode = FALSE
	EndGlobalSection
	GlobalSection(ExtensibilityGlobals) = postSolution
		SolutionGuid = {247C65FF-7C47-4999-A455-35471DE197AD}
	EndGlobalSection
EndGlobal
